// !$*UTF8*$!
{
	archiveVersion = 1;
	classes = {
	};
	objectVersion = 56;
	objects = {

/* Begin PBXBuildFile section */
		7A6A5E2C2C41304600B908CA /* TLDButton.swift in Sources */ = {isa = PBXBuildFile; fileRef = 7A6A5E2B2C41304600B908CA /* TLDButton.swift */; };
		7A6A5E2E2C413F9B00B908CA /* Extensions.swift in Sources */ = {isa = PBXBuildFile; fileRef = 7A6A5E2D2C413F9B00B908CA /* Extensions.swift */; };
		7A9FD6572C400F1800834A8C /* RegistrationViewViewModel.swift in Sources */ = {isa = PBXBuildFile; fileRef = 7A9FD6562C400F1800834A8C /* RegistrationViewViewModel.swift */; };
		7A9FD6592C401BA900834A8C /* HeaderView.swift in Sources */ = {isa = PBXBuildFile; fileRef = 7A9FD6582C401BA900834A8C /* HeaderView.swift */; };
		7AC773632C3F03ED00225B3D /* toDoListApp.swift in Sources */ = {isa = PBXBuildFile; fileRef = 7AC773622C3F03ED00225B3D /* toDoListApp.swift */; };
		7AC773652C3F03ED00225B3D /* MainView.swift in Sources */ = {isa = PBXBuildFile; fileRef = 7AC773642C3F03ED00225B3D /* MainView.swift */; };
		7AC773672C3F03EF00225B3D /* Assets.xcassets in Resources */ = {isa = PBXBuildFile; fileRef = 7AC773662C3F03EF00225B3D /* Assets.xcassets */; };
		7AC7736A2C3F03EF00225B3D /* Preview Assets.xcassets in Resources */ = {isa = PBXBuildFile; fileRef = 7AC773692C3F03EF00225B3D /* Preview Assets.xcassets */; };
		7AC773722C3F047600225B3D /* FirebaseAuth in Frameworks */ = {isa = PBXBuildFile; productRef = 7AC773712C3F047600225B3D /* FirebaseAuth */; };
		7AC773742C3F047600225B3D /* FirebaseFirestore in Frameworks */ = {isa = PBXBuildFile; productRef = 7AC773732C3F047600225B3D /* FirebaseFirestore */; };
		7AC773762C3F047600225B3D /* FirebaseFirestoreSwift in Frameworks */ = {isa = PBXBuildFile; productRef = 7AC773752C3F047600225B3D /* FirebaseFirestoreSwift */; };
		7AC773782C3F070300225B3D /* GoogleService-Info.plist in Resources */ = {isa = PBXBuildFile; fileRef = 7AC773772C3F070300225B3D /* GoogleService-Info.plist */; };
		7AC7737E2C3F0AB600225B3D /* ProfileView.swift in Sources */ = {isa = PBXBuildFile; fileRef = 7AC7737D2C3F0AB600225B3D /* ProfileView.swift */; };
		7AC773802C3F0ADD00225B3D /* ToDoListItemView.swift in Sources */ = {isa = PBXBuildFile; fileRef = 7AC7737F2C3F0ADD00225B3D /* ToDoListItemView.swift */; };
		7AC773822C3F0AFB00225B3D /* NewItemView.swift in Sources */ = {isa = PBXBuildFile; fileRef = 7AC773812C3F0AFB00225B3D /* NewItemView.swift */; };
		7AC773842C3F0B8F00225B3D /* ToDoListView.swift in Sources */ = {isa = PBXBuildFile; fileRef = 7AC773832C3F0B8F00225B3D /* ToDoListView.swift */; };
		7AC773862C3F0BB900225B3D /* LoginView.swift in Sources */ = {isa = PBXBuildFile; fileRef = 7AC773852C3F0BB900225B3D /* LoginView.swift */; };
		7AC773882C3F0BCA00225B3D /* RegistrationView.swift in Sources */ = {isa = PBXBuildFile; fileRef = 7AC773872C3F0BCA00225B3D /* RegistrationView.swift */; };
		7AC7738A2C3F0C3F00225B3D /* User.swift in Sources */ = {isa = PBXBuildFile; fileRef = 7AC773892C3F0C3F00225B3D /* User.swift */; };
		7AC7738C2C3F0C5600225B3D /* ToDoListItem.swift in Sources */ = {isa = PBXBuildFile; fileRef = 7AC7738B2C3F0C5600225B3D /* ToDoListItem.swift */; };
		7AC7738E2C3F0CE900225B3D /* MainViewViewModel.swift in Sources */ = {isa = PBXBuildFile; fileRef = 7AC7738D2C3F0CE900225B3D /* MainViewViewModel.swift */; };
		7AC773902C3F0D0100225B3D /* ProfileViewViewModel.swift in Sources */ = {isa = PBXBuildFile; fileRef = 7AC7738F2C3F0D0100225B3D /* ProfileViewViewModel.swift */; };
		7AC773922C3F0D1A00225B3D /* ToDoListViewViewModel.swift in Sources */ = {isa = PBXBuildFile; fileRef = 7AC773912C3F0D1A00225B3D /* ToDoListViewViewModel.swift */; };
		7AC773942C3F0D4300225B3D /* NewItemViewViewModel.swift in Sources */ = {isa = PBXBuildFile; fileRef = 7AC773932C3F0D4300225B3D /* NewItemViewViewModel.swift */; };
		7AC773962C3F0D5600225B3D /* LoginViewViewModel.swift in Sources */ = {isa = PBXBuildFile; fileRef = 7AC773952C3F0D5600225B3D /* LoginViewViewModel.swift */; };
		7AC773982C3F0DD600225B3D /* ToDolistItemViewViewModel.swift in Sources */ = {isa = PBXBuildFile; fileRef = 7AC773972C3F0DD600225B3D /* ToDolistItemViewViewModel.swift */; };
/* End PBXBuildFile section */

/* Begin PBXFileReference section */
		7A6A5E2B2C41304600B908CA /* TLDButton.swift */ = {isa = PBXFileReference; lastKnownFileType = sourcecode.swift; path = TLDButton.swift; sourceTree = "<group>"; };
		7A6A5E2D2C413F9B00B908CA /* Extensions.swift */ = {isa = PBXFileReference; lastKnownFileType = sourcecode.swift; path = Extensions.swift; sourceTree = "<group>"; };
		7A9FD6562C400F1800834A8C /* RegistrationViewViewModel.swift */ = {isa = PBXFileReference; lastKnownFileType = sourcecode.swift; path = RegistrationViewViewModel.swift; sourceTree = "<group>"; };
		7A9FD6582C401BA900834A8C /* HeaderView.swift */ = {isa = PBXFileReference; lastKnownFileType = sourcecode.swift; path = HeaderView.swift; sourceTree = "<group>"; };
		7AC7735F2C3F03ED00225B3D /* toDoList.app */ = {isa = PBXFileReference; explicitFileType = wrapper.application; includeInIndex = 0; path = toDoList.app; sourceTree = BUILT_PRODUCTS_DIR; };
		7AC773622C3F03ED00225B3D /* toDoListApp.swift */ = {isa = PBXFileReference; lastKnownFileType = sourcecode.swift; path = toDoListApp.swift; sourceTree = "<group>"; };
		7AC773642C3F03ED00225B3D /* MainView.swift */ = {isa = PBXFileReference; lastKnownFileType = sourcecode.swift; path = MainView.swift; sourceTree = "<group>"; };
		7AC773662C3F03EF00225B3D /* Assets.xcassets */ = {isa = PBXFileReference; lastKnownFileType = folder.assetcatalog; path = Assets.xcassets; sourceTree = "<group>"; };
		7AC773692C3F03EF00225B3D /* Preview Assets.xcassets */ = {isa = PBXFileReference; lastKnownFileType = folder.assetcatalog; path = "Preview Assets.xcassets"; sourceTree = "<group>"; };
		7AC773772C3F070300225B3D /* GoogleService-Info.plist */ = {isa = PBXFileReference; fileEncoding = 4; lastKnownFileType = text.plist.xml; path = "GoogleService-Info.plist"; sourceTree = "<group>"; };
		7AC7737D2C3F0AB600225B3D /* ProfileView.swift */ = {isa = PBXFileReference; lastKnownFileType = sourcecode.swift; path = ProfileView.swift; sourceTree = "<group>"; };
		7AC7737F2C3F0ADD00225B3D /* ToDoListItemView.swift */ = {isa = PBXFileReference; lastKnownFileType = sourcecode.swift; path = ToDoListItemView.swift; sourceTree = "<group>"; };
		7AC773812C3F0AFB00225B3D /* NewItemView.swift */ = {isa = PBXFileReference; lastKnownFileType = sourcecode.swift; path = NewItemView.swift; sourceTree = "<group>"; };
		7AC773832C3F0B8F00225B3D /* ToDoListView.swift */ = {isa = PBXFileReference; lastKnownFileType = sourcecode.swift; path = ToDoListView.swift; sourceTree = "<group>"; };
		7AC773852C3F0BB900225B3D /* LoginView.swift */ = {isa = PBXFileReference; lastKnownFileType = sourcecode.swift; path = LoginView.swift; sourceTree = "<group>"; };
		7AC773872C3F0BCA00225B3D /* RegistrationView.swift */ = {isa = PBXFileReference; lastKnownFileType = sourcecode.swift; path = RegistrationView.swift; sourceTree = "<group>"; };
		7AC773892C3F0C3F00225B3D /* User.swift */ = {isa = PBXFileReference; lastKnownFileType = sourcecode.swift; path = User.swift; sourceTree = "<group>"; };
		7AC7738B2C3F0C5600225B3D /* ToDoListItem.swift */ = {isa = PBXFileReference; lastKnownFileType = sourcecode.swift; path = ToDoListItem.swift; sourceTree = "<group>"; };
		7AC7738D2C3F0CE900225B3D /* MainViewViewModel.swift */ = {isa = PBXFileReference; lastKnownFileType = sourcecode.swift; path = MainViewViewModel.swift; sourceTree = "<group>"; };
		7AC7738F2C3F0D0100225B3D /* ProfileViewViewModel.swift */ = {isa = PBXFileReference; lastKnownFileType = sourcecode.swift; path = ProfileViewViewModel.swift; sourceTree = "<group>"; };
		7AC773912C3F0D1A00225B3D /* ToDoListViewViewModel.swift */ = {isa = PBXFileReference; lastKnownFileType = sourcecode.swift; path = ToDoListViewViewModel.swift; sourceTree = "<group>"; };
		7AC773932C3F0D4300225B3D /* NewItemViewViewModel.swift */ = {isa = PBXFileReference; lastKnownFileType = sourcecode.swift; path = NewItemViewViewModel.swift; sourceTree = "<group>"; };
		7AC773952C3F0D5600225B3D /* LoginViewViewModel.swift */ = {isa = PBXFileReference; lastKnownFileType = sourcecode.swift; path = LoginViewViewModel.swift; sourceTree = "<group>"; };
		7AC773972C3F0DD600225B3D /* ToDolistItemViewViewModel.swift */ = {isa = PBXFileReference; lastKnownFileType = sourcecode.swift; path = ToDolistItemViewViewModel.swift; sourceTree = "<group>"; };
/* End PBXFileReference section */

/* Begin PBXFrameworksBuildPhase section */
		7AC7735C2C3F03EC00225B3D /* Frameworks */ = {
			isa = PBXFrameworksBuildPhase;
			buildActionMask = 2147483647;
			files = (
				7AC773722C3F047600225B3D /* FirebaseAuth in Frameworks */,
				7AC773742C3F047600225B3D /* FirebaseFirestore in Frameworks */,
				7AC773762C3F047600225B3D /* FirebaseFirestoreSwift in Frameworks */,
			);
			runOnlyForDeploymentPostprocessing = 0;
		};
/* End PBXFrameworksBuildPhase section */

/* Begin PBXGroup section */
		7AC773562C3F03EC00225B3D = {
			isa = PBXGroup;
			children = (
				7AC773612C3F03ED00225B3D /* toDoList */,
				7AC773602C3F03ED00225B3D /* Products */,
			);
			sourceTree = "<group>";
		};
		7AC773602C3F03ED00225B3D /* Products */ = {
			isa = PBXGroup;
			children = (
				7AC7735F2C3F03ED00225B3D /* toDoList.app */,
			);
			name = Products;
			sourceTree = "<group>";
		};
		7AC773612C3F03ED00225B3D /* toDoList */ = {
			isa = PBXGroup;
			children = (
				7AC7737C2C3F093E00225B3D /* Other */,
				7AC7737B2C3F092800225B3D /* Models */,
				7AC7737A2C3F091600225B3D /* ViewModels */,
				7AC773792C3F090300225B3D /* Views */,
				7AC773682C3F03EF00225B3D /* Preview Content */,
			);
			path = toDoList;
			sourceTree = "<group>";
		};
		7AC773682C3F03EF00225B3D /* Preview Content */ = {
			isa = PBXGroup;
			children = (
				7AC773692C3F03EF00225B3D /* Preview Assets.xcassets */,
			);
			path = "Preview Content";
			sourceTree = "<group>";
		};
		7AC773792C3F090300225B3D /* Views */ = {
			isa = PBXGroup;
			children = (
				7AC773642C3F03ED00225B3D /* MainView.swift */,
				7AC7737D2C3F0AB600225B3D /* ProfileView.swift */,
				7AC7737F2C3F0ADD00225B3D /* ToDoListItemView.swift */,
				7AC773812C3F0AFB00225B3D /* NewItemView.swift */,
				7AC773832C3F0B8F00225B3D /* ToDoListView.swift */,
				7AC773852C3F0BB900225B3D /* LoginView.swift */,
				7AC773872C3F0BCA00225B3D /* RegistrationView.swift */,
				7A9FD6582C401BA900834A8C /* HeaderView.swift */,
				7A6A5E2B2C41304600B908CA /* TLDButton.swift */,
			);
			path = Views;
			sourceTree = "<group>";
		};
		7AC7737A2C3F091600225B3D /* ViewModels */ = {
			isa = PBXGroup;
			children = (
				7AC7738D2C3F0CE900225B3D /* MainViewViewModel.swift */,
				7AC7738F2C3F0D0100225B3D /* ProfileViewViewModel.swift */,
				7AC773912C3F0D1A00225B3D /* ToDoListViewViewModel.swift */,
				7AC773932C3F0D4300225B3D /* NewItemViewViewModel.swift */,
				7AC773952C3F0D5600225B3D /* LoginViewViewModel.swift */,
				7AC773972C3F0DD600225B3D /* ToDolistItemViewViewModel.swift */,
				7A9FD6562C400F1800834A8C /* RegistrationViewViewModel.swift */,
			);
			path = ViewModels;
			sourceTree = "<group>";
		};
		7AC7737B2C3F092800225B3D /* Models */ = {
			isa = PBXGroup;
			children = (
				7AC773892C3F0C3F00225B3D /* User.swift */,
				7AC7738B2C3F0C5600225B3D /* ToDoListItem.swift */,
			);
			path = Models;
			sourceTree = "<group>";
		};
		7AC7737C2C3F093E00225B3D /* Other */ = {
			isa = PBXGroup;
			children = (
				7AC773662C3F03EF00225B3D /* Assets.xcassets */,
				7AC773622C3F03ED00225B3D /* toDoListApp.swift */,
				7AC773772C3F070300225B3D /* GoogleService-Info.plist */,
				7A6A5E2D2C413F9B00B908CA /* Extensions.swift */,
			);
			path = Other;
			sourceTree = "<group>";
		};
/* End PBXGroup section */

/* Begin PBXNativeTarget section */
		7AC7735E2C3F03EC00225B3D /* toDoList */ = {
			isa = PBXNativeTarget;
			buildConfigurationList = 7AC7736D2C3F03EF00225B3D /* Build configuration list for PBXNativeTarget "toDoList" */;
			buildPhases = (
				7AC7735B2C3F03EC00225B3D /* Sources */,
				7AC7735C2C3F03EC00225B3D /* Frameworks */,
				7AC7735D2C3F03EC00225B3D /* Resources */,
			);
			buildRules = (
			);
			dependencies = (
			);
			name = toDoList;
			packageProductDependencies = (
				7AC773712C3F047600225B3D /* FirebaseAuth */,
				7AC773732C3F047600225B3D /* FirebaseFirestore */,
				7AC773752C3F047600225B3D /* FirebaseFirestoreSwift */,
			);
			productName = toDoList;
			productReference = 7AC7735F2C3F03ED00225B3D /* toDoList.app */;
			productType = "com.apple.product-type.application";
		};
/* End PBXNativeTarget section */

/* Begin PBXProject section */
		7AC773572C3F03EC00225B3D /* Project object */ = {
			isa = PBXProject;
			attributes = {
				BuildIndependentTargetsInParallel = 1;
				LastSwiftUpdateCheck = 1540;
				LastUpgradeCheck = 1540;
				TargetAttributes = {
					7AC7735E2C3F03EC00225B3D = {
						CreatedOnToolsVersion = 15.4;
					};
				};
			};
			buildConfigurationList = 7AC7735A2C3F03EC00225B3D /* Build configuration list for PBXProject "toDoList" */;
			compatibilityVersion = "Xcode 14.0";
			developmentRegion = en;
			hasScannedForEncodings = 0;
			knownRegions = (
				en,
				Base,
			);
			mainGroup = 7AC773562C3F03EC00225B3D;
			packageReferences = (
				7AC773702C3F047600225B3D /* XCRemoteSwiftPackageReference "firebase-ios-sdk" */,
			);
			productRefGroup = 7AC773602C3F03ED00225B3D /* Products */;
			projectDirPath = "";
			projectRoot = "";
			targets = (
				7AC7735E2C3F03EC00225B3D /* toDoList */,
			);
		};
/* End PBXProject section */

/* Begin PBXResourcesBuildPhase section */
		7AC7735D2C3F03EC00225B3D /* Resources */ = {
			isa = PBXResourcesBuildPhase;
			buildActionMask = 2147483647;
			files = (
				7AC7736A2C3F03EF00225B3D /* Preview Assets.xcassets in Resources */,
				7AC773672C3F03EF00225B3D /* Assets.xcassets in Resources */,
				7AC773782C3F070300225B3D /* GoogleService-Info.plist in Resources */,
			);
			runOnlyForDeploymentPostprocessing = 0;
		};
/* End PBXResourcesBuildPhase section */

/* Begin PBXSourcesBuildPhase section */
		7AC7735B2C3F03EC00225B3D /* Sources */ = {
			isa = PBXSourcesBuildPhase;
			buildActionMask = 2147483647;
			files = (
				7AC773842C3F0B8F00225B3D /* ToDoListView.swift in Sources */,
				7A9FD6592C401BA900834A8C /* HeaderView.swift in Sources */,
				7AC773862C3F0BB900225B3D /* LoginView.swift in Sources */,
				7AC773982C3F0DD600225B3D /* ToDolistItemViewViewModel.swift in Sources */,
				7A6A5E2C2C41304600B908CA /* TLDButton.swift in Sources */,
				7AC7738E2C3F0CE900225B3D /* MainViewViewModel.swift in Sources */,
				7A9FD6572C400F1800834A8C /* RegistrationViewViewModel.swift in Sources */,
				7AC773652C3F03ED00225B3D /* MainView.swift in Sources */,
				7AC773802C3F0ADD00225B3D /* ToDoListItemView.swift in Sources */,
				7AC773902C3F0D0100225B3D /* ProfileViewViewModel.swift in Sources */,
				7AC7737E2C3F0AB600225B3D /* ProfileView.swift in Sources */,
				7AC7738A2C3F0C3F00225B3D /* User.swift in Sources */,
				7AC773632C3F03ED00225B3D /* toDoListApp.swift in Sources */,
				7AC773922C3F0D1A00225B3D /* ToDoListViewViewModel.swift in Sources */,
				7AC773962C3F0D5600225B3D /* LoginViewViewModel.swift in Sources */,
				7A6A5E2E2C413F9B00B908CA /* Extensions.swift in Sources */,
				7AC773822C3F0AFB00225B3D /* NewItemView.swift in Sources */,
				7AC7738C2C3F0C5600225B3D /* ToDoListItem.swift in Sources */,
				7AC773882C3F0BCA00225B3D /* RegistrationView.swift in Sources */,
				7AC773942C3F0D4300225B3D /* NewItemViewViewModel.swift in Sources */,
			);
			runOnlyForDeploymentPostprocessing = 0;
		};
/* End PBXSourcesBuildPhase section */

/* Begin XCBuildConfiguration section */
		7AC7736B2C3F03EF00225B3D /* Debug */ = {
			isa = XCBuildConfiguration;
			buildSettings = {
				ALWAYS_SEARCH_USER_PATHS = NO;
				ASSETCATALOG_COMPILER_GENERATE_SWIFT_ASSET_SYMBOL_EXTENSIONS = YES;
				CLANG_ANALYZER_NONNULL = YES;
				CLANG_ANALYZER_NUMBER_OBJECT_CONVERSION = YES_AGGRESSIVE;
				CLANG_CXX_LANGUAGE_STANDARD = "gnu++20";
				CLANG_ENABLE_MODULES = YES;
				CLANG_ENABLE_OBJC_ARC = YES;
				CLANG_ENABLE_OBJC_WEAK = YES;
				CLANG_WARN_BLOCK_CAPTURE_AUTORELEASING = YES;
				CLANG_WARN_BOOL_CONVERSION = YES;
				CLANG_WARN_COMMA = YES;
				CLANG_WARN_CONSTANT_CONVERSION = YES;
				CLANG_WARN_DEPRECATED_OBJC_IMPLEMENTATIONS = YES;
				CLANG_WARN_DIRECT_OBJC_ISA_USAGE = YES_ERROR;
				CLANG_WARN_DOCUMENTATION_COMMENTS = YES;
				CLANG_WARN_EMPTY_BODY = YES;
				CLANG_WARN_ENUM_CONVERSION = YES;
				CLANG_WARN_INFINITE_RECURSION = YES;
				CLANG_WARN_INT_CONVERSION = YES;
				CLANG_WARN_NON_LITERAL_NULL_CONVERSION = YES;
				CLANG_WARN_OBJC_IMPLICIT_RETAIN_SELF = YES;
				CLANG_WARN_OBJC_LITERAL_CONVERSION = YES;
				CLANG_WARN_OBJC_ROOT_CLASS = YES_ERROR;
				CLANG_WARN_QUOTED_INCLUDE_IN_FRAMEWORK_HEADER = YES;
				CLANG_WARN_RANGE_LOOP_ANALYSIS = YES;
				CLANG_WARN_STRICT_PROTOTYPES = YES;
				CLANG_WARN_SUSPICIOUS_MOVE = YES;
				CLANG_WARN_UNGUARDED_AVAILABILITY = YES_AGGRESSIVE;
				CLANG_WARN_UNREACHABLE_CODE = YES;
				CLANG_WARN__DUPLICATE_METHOD_MATCH = YES;
				COPY_PHASE_STRIP = NO;
				DEBUG_INFORMATION_FORMAT = dwarf;
				ENABLE_STRICT_OBJC_MSGSEND = YES;
				ENABLE_TESTABILITY = YES;
				ENABLE_USER_SCRIPT_SANDBOXING = YES;
				GCC_C_LANGUAGE_STANDARD = gnu17;
				GCC_DYNAMIC_NO_PIC = NO;
				GCC_NO_COMMON_BLOCKS = YES;
				GCC_OPTIMIZATION_LEVEL = 0;
				GCC_PREPROCESSOR_DEFINITIONS = (
					"DEBUG=1",
					"$(inherited)",
				);
				GCC_WARN_64_TO_32_BIT_CONVERSION = YES;
				GCC_WARN_ABOUT_RETURN_TYPE = YES_ERROR;
				GCC_WARN_UNDECLARED_SELECTOR = YES;
				GCC_WARN_UNINITIALIZED_AUTOS = YES_AGGRESSIVE;
				GCC_WARN_UNUSED_FUNCTION = YES;
				GCC_WARN_UNUSED_VARIABLE = YES;
				IPHONEOS_DEPLOYMENT_TARGET = 17.5;
				LOCALIZATION_PREFERS_STRING_CATALOGS = YES;
				MTL_ENABLE_DEBUG_INFO = INCLUDE_SOURCE;
				MTL_FAST_MATH = YES;
				ONLY_ACTIVE_ARCH = YES;
				SDKROOT = iphoneos;
				SWIFT_ACTIVE_COMPILATION_CONDITIONS = "DEBUG $(inherited)";
				SWIFT_OPTIMIZATION_LEVEL = "-Onone";
			};
			name = Debug;
		};
		7AC7736C2C3F03EF00225B3D /* Release */ = {
			isa = XCBuildConfiguration;
			buildSettings = {
				ALWAYS_SEARCH_USER_PATHS = NO;
				ASSETCATALOG_COMPILER_GENERATE_SWIFT_ASSET_SYMBOL_EXTENSIONS = YES;
				CLANG_ANALYZER_NONNULL = YES;
				CLANG_ANALYZER_NUMBER_OBJECT_CONVERSION = YES_AGGRESSIVE;
				CLANG_CXX_LANGUAGE_STANDARD = "gnu++20";
				CLANG_ENABLE_MODULES = YES;
				CLANG_ENABLE_OBJC_ARC = YES;
				CLANG_ENABLE_OBJC_WEAK = YES;
				CLANG_WARN_BLOCK_CAPTURE_AUTORELEASING = YES;
				CLANG_WARN_BOOL_CONVERSION = YES;
				CLANG_WARN_COMMA = YES;
				CLANG_WARN_CONSTANT_CONVERSION = YES;
				CLANG_WARN_DEPRECATED_OBJC_IMPLEMENTATIONS = YES;
				CLANG_WARN_DIRECT_OBJC_ISA_USAGE = YES_ERROR;
				CLANG_WARN_DOCUMENTATION_COMMENTS = YES;
				CLANG_WARN_EMPTY_BODY = YES;
				CLANG_WARN_ENUM_CONVERSION = YES;
				CLANG_WARN_INFINITE_RECURSION = YES;
				CLANG_WARN_INT_CONVERSION = YES;
				CLANG_WARN_NON_LITERAL_NULL_CONVERSION = YES;
				CLANG_WARN_OBJC_IMPLICIT_RETAIN_SELF = YES;
				CLANG_WARN_OBJC_LITERAL_CONVERSION = YES;
				CLANG_WARN_OBJC_ROOT_CLASS = YES_ERROR;
				CLANG_WARN_QUOTED_INCLUDE_IN_FRAMEWORK_HEADER = YES;
				CLANG_WARN_RANGE_LOOP_ANALYSIS = YES;
				CLANG_WARN_STRICT_PROTOTYPES = YES;
				CLANG_WARN_SUSPICIOUS_MOVE = YES;
				CLANG_WARN_UNGUARDED_AVAILABILITY = YES_AGGRESSIVE;
				CLANG_WARN_UNREACHABLE_CODE = YES;
				CLANG_WARN__DUPLICATE_METHOD_MATCH = YES;
				COPY_PHASE_STRIP = NO;
				DEBUG_INFORMATION_FORMAT = "dwarf-with-dsym";
				ENABLE_NS_ASSERTIONS = NO;
				ENABLE_STRICT_OBJC_MSGSEND = YES;
				ENABLE_USER_SCRIPT_SANDBOXING = YES;
				GCC_C_LANGUAGE_STANDARD = gnu17;
				GCC_NO_COMMON_BLOCKS = YES;
				GCC_WARN_64_TO_32_BIT_CONVERSION = YES;
				GCC_WARN_ABOUT_RETURN_TYPE = YES_ERROR;
				GCC_WARN_UNDECLARED_SELECTOR = YES;
				GCC_WARN_UNINITIALIZED_AUTOS = YES_AGGRESSIVE;
				GCC_WARN_UNUSED_FUNCTION = YES;
				GCC_WARN_UNUSED_VARIABLE = YES;
				IPHONEOS_DEPLOYMENT_TARGET = 17.5;
				LOCALIZATION_PREFERS_STRING_CATALOGS = YES;
				MTL_ENABLE_DEBUG_INFO = NO;
				MTL_FAST_MATH = YES;
				SDKROOT = iphoneos;
				SWIFT_COMPILATION_MODE = wholemodule;
				VALIDATE_PRODUCT = YES;
			};
			name = Release;
		};
		7AC7736E2C3F03EF00225B3D /* Debug */ = {
			isa = XCBuildConfiguration;
			buildSettings = {
				ASSETCATALOG_COMPILER_APPICON_NAME = AppIcon;
				ASSETCATALOG_COMPILER_GLOBAL_ACCENT_COLOR_NAME = AccentColor;
				CODE_SIGN_STYLE = Automatic;
				CURRENT_PROJECT_VERSION = 1;
				DEVELOPMENT_ASSET_PATHS = "\"toDoList/Preview Content\"";
				ENABLE_PREVIEWS = YES;
				GENERATE_INFOPLIST_FILE = YES;
				INFOPLIST_KEY_UIApplicationSceneManifest_Generation = YES;
				INFOPLIST_KEY_UIApplicationSupportsIndirectInputEvents = YES;
				INFOPLIST_KEY_UILaunchScreen_Generation = YES;
				INFOPLIST_KEY_UISupportedInterfaceOrientations = UIInterfaceOrientationPortrait;
				LD_RUNPATH_SEARCH_PATHS = (
					"$(inherited)",
					"@executable_path/Frameworks",
				);
				MARKETING_VERSION = 1.0;
				PRODUCT_BUNDLE_IDENTIFIER = com.saif.todolistswift.toDoList;
				PRODUCT_NAME = "$(TARGET_NAME)";
				SWIFT_EMIT_LOC_STRINGS = YES;
				SWIFT_VERSION = 5.0;
				TARGETED_DEVICE_FAMILY = "1,2";
			};
			name = Debug;
		};
		7AC7736F2C3F03EF00225B3D /* Release */ = {
			isa = XCBuildConfiguration;
			buildSettings = {
				ASSETCATALOG_COMPILER_APPICON_NAME = AppIcon;
				ASSETCATALOG_COMPILER_GLOBAL_ACCENT_COLOR_NAME = AccentColor;
				CODE_SIGN_STYLE = Automatic;
				CURRENT_PROJECT_VERSION = 1;
				DEVELOPMENT_ASSET_PATHS = "\"toDoList/Preview Content\"";
				ENABLE_PREVIEWS = YES;
				GENERATE_INFOPLIST_FILE = YES;
				INFOPLIST_KEY_UIApplicationSceneManifest_Generation = YES;
				INFOPLIST_KEY_UIApplicationSupportsIndirectInputEvents = YES;
				INFOPLIST_KEY_UILaunchScreen_Generation = YES;
				INFOPLIST_KEY_UISupportedInterfaceOrientations = UIInterfaceOrientationPortrait;
				LD_RUNPATH_SEARCH_PATHS = (
					"$(inherited)",
					"@executable_path/Frameworks",
				);
				MARKETING_VERSION = 1.0;
				PRODUCT_BUNDLE_IDENTIFIER = com.saif.todolistswift.toDoList;
				PRODUCT_NAME = "$(TARGET_NAME)";
				SWIFT_EMIT_LOC_STRINGS = YES;
				SWIFT_VERSION = 5.0;
				TARGETED_DEVICE_FAMILY = "1,2";
			};
			name = Release;
		};
/* End XCBuildConfiguration section */

/* Begin XCConfigurationList section */
		7AC7735A2C3F03EC00225B3D /* Build configuration list for PBXProject "toDoList" */ = {
			isa = XCConfigurationList;
			buildConfigurations = (
				7AC7736B2C3F03EF00225B3D /* Debug */,
				7AC7736C2C3F03EF00225B3D /* Release */,
			);
			defaultConfigurationIsVisible = 0;
			defaultConfigurationName = Release;
		};
		7AC7736D2C3F03EF00225B3D /* Build configuration list for PBXNativeTarget "toDoList" */ = {
			isa = XCConfigurationList;
			buildConfigurations = (
				7AC7736E2C3F03EF00225B3D /* Debug */,
				7AC7736F2C3F03EF00225B3D /* Release */,
			);
			defaultConfigurationIsVisible = 0;
			defaultConfigurationName = Release;
		};
/* End XCConfigurationList section */

/* Begin XCRemoteSwiftPackageReference section */
		7AC773702C3F047600225B3D /* XCRemoteSwiftPackageReference "firebase-ios-sdk" */ = {
			isa = XCRemoteSwiftPackageReference;
			repositoryURL = "https://github.com/firebase/firebase-ios-sdk";
			requirement = {
				kind = upToNextMajorVersion;
				minimumVersion = 10.29.0;
			};
		};
/* End XCRemoteSwiftPackageReference section */

/* Begin XCSwiftPackageProductDependency section */
		7AC773712C3F047600225B3D /* FirebaseAuth */ = {
			isa = XCSwiftPackageProductDependency;
			package = 7AC773702C3F047600225B3D /* XCRemoteSwiftPackageReference "firebase-ios-sdk" */;
			productName = FirebaseAuth;
		};
		7AC773732C3F047600225B3D /* FirebaseFirestore */ = {
			isa = XCSwiftPackageProductDependency;
			package = 7AC773702C3F047600225B3D /* XCRemoteSwiftPackageReference "firebase-ios-sdk" */;
			productName = FirebaseFirestore;
		};
		7AC773752C3F047600225B3D /* FirebaseFirestoreSwift */ = {
			isa = XCSwiftPackageProductDependency;
			package = 7AC773702C3F047600225B3D /* XCRemoteSwiftPackageReference "firebase-ios-sdk" */;
			productName = FirebaseFirestoreSwift;
		};
/* End XCSwiftPackageProductDependency section */
	};
	rootObject = 7AC773572C3F03EC00225B3D /* Project object */;
}
